
Microsoft Visual Studio Solution File, Format Version 12.00
Project("{FAE04EC0-301F-11D3-BF4B-00C04F79EFBC}") = "LocationsNamesNormalizer", "LocationsNamesNormalizer\LocationsNamesNormalizer.csproj", "{816D03BD-DB94-48B2-8C11-6402F37D4A04}"
EndProject
Project("{FAE04EC0-301F-11D3-BF4B-00C04F79EFBC}") = "LocationsNamesNormalizer.UnitTests", "LocationsNamesNormalizer.UnitTests\LocationsNamesNormalizer.UnitTests.csproj", "{094C05B7-9FBF-4A75-9CF1-26C87D7D931D}"
EndProject
Global
	GlobalSection(SolutionConfigurationPlatforms) = preSolution
		Debug|Any CPU = Debug|Any CPU
		Release|Any CPU = Release|Any CPU
	EndGlobalSection
	GlobalSection(ProjectConfigurationPlatforms) = postSolution
		{816D03BD-DB94-48B2-8C11-6402F37D4A04}.Debug|Any CPU.ActiveCfg = Debug|Any CPU
		{816D03BD-DB94-48B2-8C11-6402F37D4A04}.Debug|Any CPU.Build.0 = Debug|Any CPU
		{816D03BD-DB94-48B2-8C11-6402F37D4A04}.Release|Any CPU.ActiveCfg = Release|Any CPU
		{816D03BD-DB94-48B2-8C11-6402F37D4A04}.Release|Any CPU.Build.0 = Release|Any CPU
		{094C05B7-9FBF-4A75-9CF1-26C87D7D931D}.Debug|Any CPU.ActiveCfg = Debug|Any CPU
		{094C05B7-9FBF-4A75-9CF1-26C87D7D931D}.Debug|Any CPU.Build.0 = Debug|Any CPU
		{094C05B7-9FBF-4A75-9CF1-26C87D7D931D}.Release|Any CPU.ActiveCfg = Release|Any CPU
		{094C05B7-9FBF-4A75-9CF1-26C87D7D931D}.Release|Any CPU.Build.0 = Release|Any CPU
	EndGlobalSection
EndGlobal
